
Microsoft Visual Studio Solution File, Format Version 12.00
# Visual Studio Version 17
VisualStudioVersion = 17.9.34723.18
MinimumVisualStudioVersion = 10.0.40219.1
Project("{E53339B2-1760-4266-BCC7-CA923CBCF16C}") = "docker-compose", "docker-compose.dcproj", "{EDE56AFE-779F-441F-8A0A-A71B541348F1}"
EndProject
Project("{9A19103F-16F7-4668-BE54-9A1E7A4F7556}") = "ApiGateway", "ApiGateway\ApiGateway.csproj", "{84F2AECC-7AE1-41CD-970C-54ADD71D5381}"
EndProject
Project("{2150E333-8FDC-42A3-9474-1A3956D46DE8}") = "OrderService", "OrderService", "{AC6DAAA8-EA23-45EE-BE7D-FB2D71AD8AC1}"
EndProject
Project("{9A19103F-16F7-4668-BE54-9A1E7A4F7556}") = "OrderService", "OrderService\OrderService\OrderService.csproj", "{4E7CDF2E-E27B-4B66-BF2F-5FEEF82E4B21}"
EndProject
Project("{9A19103F-16F7-4668-BE54-9A1E7A4F7556}") = "OrderService.Domain", "OrderService\OrderService.Domain\OrderService.Domain.csproj", "{B7AC714D-007B-4B9A-977F-2FF5105343DF}"
EndProject
Project("{9A19103F-16F7-4668-BE54-9A1E7A4F7556}") = "OrderService.Application", "OrderService\OrderService.Application\OrderService.Application.csproj", "{80C8A72D-E34A-4256-8CED-FEB0BF26DE0B}"
EndProject
Project("{9A19103F-16F7-4668-BE54-9A1E7A4F7556}") = "OrderService.Infrastructure", "OrderService\OrderService.Infrastructure\OrderService.Infrastructure.csproj", "{0985353F-01F5-4A74-8234-6E72F0826A89}"
EndProject
Project("{2150E333-8FDC-42A3-9474-1A3956D46DE8}") = "UserService", "UserService", "{A4A443F7-A60B-4A14-A62C-65B72BD53E2A}"
	ProjectSection(SolutionItems) = preProject
		UserService\UserService.API\Dockerfile = UserService\UserService.API\Dockerfile
	EndProjectSection
EndProject
Project("{9A19103F-16F7-4668-BE54-9A1E7A4F7556}") = "UserService.API", "UserService\UserService.API\UserService.API.csproj", "{B674F543-377D-48AF-8C72-9FFED9F064F0}"
EndProject
Project("{9A19103F-16F7-4668-BE54-9A1E7A4F7556}") = "UserService.Application", "UserService\UserService.Application\UserService.Application.csproj", "{3850FFC4-A77C-41C9-91F7-9A7A2AF28E80}"
EndProject
Project("{9A19103F-16F7-4668-BE54-9A1E7A4F7556}") = "UserService.Domain", "UserService\UserService.Domain\UserService.Domain.csproj", "{3240DBD5-9AE7-40AA-894C-3DB6C71206AB}"
EndProject
Project("{9A19103F-16F7-4668-BE54-9A1E7A4F7556}") = "UserService.Infrastructure", "UserService\UserService.Infrastructure\UserService.Infrastructure.csproj", "{0E1EB1DE-8302-4C5F-9A67-612F85E89AD3}"
EndProject
Project("{9A19103F-16F7-4668-BE54-9A1E7A4F7556}") = "UserService.UnitTests", "UserService\UserService.Tests\UserService.UnitTests.csproj", "{EE260597-BFD7-4379-B2BC-1CCF74310A18}"
EndProject
Project("{2150E333-8FDC-42A3-9474-1A3956D46DE8}") = "Tests", "Tests", "{63D09F56-0824-456D-BCE7-0B7D2CFCD835}"
EndProject
Project("{9A19103F-16F7-4668-BE54-9A1E7A4F7556}") = "UserService.IntegrationTests", "UserService\UserService.IntegrationTests\UserService.IntegrationTests.csproj", "{B9282C29-332E-45BB-A4DD-D131405C9585}"
EndProject
Project("{2150E333-8FDC-42A3-9474-1A3956D46DE8}") = "CatalogService", "CatalogService", "{236C575D-E7E8-40CC-89EE-3AF909DD14D1}"
EndProject
Project("{9A19103F-16F7-4668-BE54-9A1E7A4F7556}") = "CatalogService.API", "CatalogService\CatalogService.API\CatalogService.API.csproj", "{AA6D526B-B0B7-48AC-8C16-BC3A5387494D}"
EndProject
Project("{9A19103F-16F7-4668-BE54-9A1E7A4F7556}") = "CatalogService.Application", "CatalogService\CatalogService.Application\CatalogService.Application.csproj", "{D51B6608-7E6E-45DA-B807-A5A495189F03}"
EndProject
Project("{9A19103F-16F7-4668-BE54-9A1E7A4F7556}") = "CatalogService.Domain", "CatalogService\CatalogService.Domain\CatalogService.Domain.csproj", "{DDFE1330-5CD8-44B5-8229-3DEC6CC159D1}"
EndProject
Project("{9A19103F-16F7-4668-BE54-9A1E7A4F7556}") = "CatalogService.Infrastructure", "CatalogService\CatalogService.Infrastructure\CatalogService.Infrastructure.csproj", "{5BDFF551-E53E-4961-86AD-AA8C585D00A1}"
EndProject
Project("{2150E333-8FDC-42A3-9474-1A3956D46DE8}") = "CartService", "CartService", "{6386C570-BFAD-4A45-B8EF-6DFB19FDDA2D}"
EndProject
Project("{FAE04EC0-301F-11D3-BF4B-00C04F79EFBC}") = "CartService.Domain", "CartService\CartService.Domain\CartService.Domain.csproj", "{480F5040-6F2A-4029-A247-4E770EA5012E}"
EndProject
Project("{FAE04EC0-301F-11D3-BF4B-00C04F79EFBC}") = "CartService.Application", "CartService\CartService.Application\CartService.Application.csproj", "{FCB20896-CA02-44E7-8931-9E757509124E}"
EndProject
Project("{FAE04EC0-301F-11D3-BF4B-00C04F79EFBC}") = "CartService.Infrastructure", "CartService\CartService.Infrastructure\CartService.Infrastructure.csproj", "{3F825FB8-E0F8-4ED2-A901-7E208F32A4F7}"
EndProject
Project("{FAE04EC0-301F-11D3-BF4B-00C04F79EFBC}") = "CartService.API", "CartService\CartService.API\CartService.API.csproj", "{A5635F5E-E5C5-4B88-9912-804476C48831}"
EndProject
Global
	GlobalSection(SolutionConfigurationPlatforms) = preSolution
		Debug|Any CPU = Debug|Any CPU
		Release|Any CPU = Release|Any CPU
	EndGlobalSection
	GlobalSection(ProjectConfigurationPlatforms) = postSolution
		{EDE56AFE-779F-441F-8A0A-A71B541348F1}.Debug|Any CPU.ActiveCfg = Debug|Any CPU
		{EDE56AFE-779F-441F-8A0A-A71B541348F1}.Debug|Any CPU.Build.0 = Debug|Any CPU
		{EDE56AFE-779F-441F-8A0A-A71B541348F1}.Release|Any CPU.ActiveCfg = Release|Any CPU
		{EDE56AFE-779F-441F-8A0A-A71B541348F1}.Release|Any CPU.Build.0 = Release|Any CPU
		{84F2AECC-7AE1-41CD-970C-54ADD71D5381}.Debug|Any CPU.ActiveCfg = Debug|Any CPU
		{84F2AECC-7AE1-41CD-970C-54ADD71D5381}.Debug|Any CPU.Build.0 = Debug|Any CPU
		{84F2AECC-7AE1-41CD-970C-54ADD71D5381}.Release|Any CPU.ActiveCfg = Release|Any CPU
		{84F2AECC-7AE1-41CD-970C-54ADD71D5381}.Release|Any CPU.Build.0 = Release|Any CPU
		{4E7CDF2E-E27B-4B66-BF2F-5FEEF82E4B21}.Debug|Any CPU.ActiveCfg = Debug|Any CPU
		{4E7CDF2E-E27B-4B66-BF2F-5FEEF82E4B21}.Debug|Any CPU.Build.0 = Debug|Any CPU
		{4E7CDF2E-E27B-4B66-BF2F-5FEEF82E4B21}.Release|Any CPU.ActiveCfg = Release|Any CPU
		{4E7CDF2E-E27B-4B66-BF2F-5FEEF82E4B21}.Release|Any CPU.Build.0 = Release|Any CPU
		{B7AC714D-007B-4B9A-977F-2FF5105343DF}.Debug|Any CPU.ActiveCfg = Debug|Any CPU
		{B7AC714D-007B-4B9A-977F-2FF5105343DF}.Debug|Any CPU.Build.0 = Debug|Any CPU
		{B7AC714D-007B-4B9A-977F-2FF5105343DF}.Release|Any CPU.ActiveCfg = Release|Any CPU
		{B7AC714D-007B-4B9A-977F-2FF5105343DF}.Release|Any CPU.Build.0 = Release|Any CPU
		{80C8A72D-E34A-4256-8CED-FEB0BF26DE0B}.Debug|Any CPU.ActiveCfg = Debug|Any CPU
		{80C8A72D-E34A-4256-8CED-FEB0BF26DE0B}.Debug|Any CPU.Build.0 = Debug|Any CPU
		{80C8A72D-E34A-4256-8CED-FEB0BF26DE0B}.Release|Any CPU.ActiveCfg = Release|Any CPU
		{80C8A72D-E34A-4256-8CED-FEB0BF26DE0B}.Release|Any CPU.Build.0 = Release|Any CPU
		{0985353F-01F5-4A74-8234-6E72F0826A89}.Debug|Any CPU.ActiveCfg = Debug|Any CPU
		{0985353F-01F5-4A74-8234-6E72F0826A89}.Debug|Any CPU.Build.0 = Debug|Any CPU
		{0985353F-01F5-4A74-8234-6E72F0826A89}.Release|Any CPU.ActiveCfg = Release|Any CPU
		{0985353F-01F5-4A74-8234-6E72F0826A89}.Release|Any CPU.Build.0 = Release|Any CPU
		{B674F543-377D-48AF-8C72-9FFED9F064F0}.Debug|Any CPU.ActiveCfg = Debug|Any CPU
		{B674F543-377D-48AF-8C72-9FFED9F064F0}.Debug|Any CPU.Build.0 = Debug|Any CPU
		{B674F543-377D-48AF-8C72-9FFED9F064F0}.Release|Any CPU.ActiveCfg = Release|Any CPU
		{B674F543-377D-48AF-8C72-9FFED9F064F0}.Release|Any CPU.Build.0 = Release|Any CPU
		{3850FFC4-A77C-41C9-91F7-9A7A2AF28E80}.Debug|Any CPU.ActiveCfg = Debug|Any CPU
		{3850FFC4-A77C-41C9-91F7-9A7A2AF28E80}.Debug|Any CPU.Build.0 = Debug|Any CPU
		{3850FFC4-A77C-41C9-91F7-9A7A2AF28E80}.Release|Any CPU.ActiveCfg = Release|Any CPU
		{3850FFC4-A77C-41C9-91F7-9A7A2AF28E80}.Release|Any CPU.Build.0 = Release|Any CPU
		{3240DBD5-9AE7-40AA-894C-3DB6C71206AB}.Debug|Any CPU.ActiveCfg = Debug|Any CPU
		{3240DBD5-9AE7-40AA-894C-3DB6C71206AB}.Debug|Any CPU.Build.0 = Debug|Any CPU
		{3240DBD5-9AE7-40AA-894C-3DB6C71206AB}.Release|Any CPU.ActiveCfg = Release|Any CPU
		{3240DBD5-9AE7-40AA-894C-3DB6C71206AB}.Release|Any CPU.Build.0 = Release|Any CPU
		{0E1EB1DE-8302-4C5F-9A67-612F85E89AD3}.Debug|Any CPU.ActiveCfg = Debug|Any CPU
		{0E1EB1DE-8302-4C5F-9A67-612F85E89AD3}.Debug|Any CPU.Build.0 = Debug|Any CPU
		{0E1EB1DE-8302-4C5F-9A67-612F85E89AD3}.Release|Any CPU.ActiveCfg = Release|Any CPU
		{0E1EB1DE-8302-4C5F-9A67-612F85E89AD3}.Release|Any CPU.Build.0 = Release|Any CPU
		{EE260597-BFD7-4379-B2BC-1CCF74310A18}.Debug|Any CPU.ActiveCfg = Debug|Any CPU
		{EE260597-BFD7-4379-B2BC-1CCF74310A18}.Debug|Any CPU.Build.0 = Debug|Any CPU
		{EE260597-BFD7-4379-B2BC-1CCF74310A18}.Release|Any CPU.ActiveCfg = Release|Any CPU
		{EE260597-BFD7-4379-B2BC-1CCF74310A18}.Release|Any CPU.Build.0 = Release|Any CPU
		{B9282C29-332E-45BB-A4DD-D131405C9585}.Debug|Any CPU.ActiveCfg = Debug|Any CPU
		{B9282C29-332E-45BB-A4DD-D131405C9585}.Debug|Any CPU.Build.0 = Debug|Any CPU
		{B9282C29-332E-45BB-A4DD-D131405C9585}.Release|Any CPU.ActiveCfg = Release|Any CPU
		{B9282C29-332E-45BB-A4DD-D131405C9585}.Release|Any CPU.Build.0 = Release|Any CPU
		{AA6D526B-B0B7-48AC-8C16-BC3A5387494D}.Debug|Any CPU.ActiveCfg = Debug|Any CPU
		{AA6D526B-B0B7-48AC-8C16-BC3A5387494D}.Debug|Any CPU.Build.0 = Debug|Any CPU
		{AA6D526B-B0B7-48AC-8C16-BC3A5387494D}.Release|Any CPU.ActiveCfg = Release|Any CPU
		{AA6D526B-B0B7-48AC-8C16-BC3A5387494D}.Release|Any CPU.Build.0 = Release|Any CPU
		{D51B6608-7E6E-45DA-B807-A5A495189F03}.Debug|Any CPU.ActiveCfg = Debug|Any CPU
		{D51B6608-7E6E-45DA-B807-A5A495189F03}.Debug|Any CPU.Build.0 = Debug|Any CPU
		{D51B6608-7E6E-45DA-B807-A5A495189F03}.Release|Any CPU.ActiveCfg = Release|Any CPU
		{D51B6608-7E6E-45DA-B807-A5A495189F03}.Release|Any CPU.Build.0 = Release|Any CPU
		{DDFE1330-5CD8-44B5-8229-3DEC6CC159D1}.Debug|Any CPU.ActiveCfg = Debug|Any CPU
		{DDFE1330-5CD8-44B5-8229-3DEC6CC159D1}.Debug|Any CPU.Build.0 = Debug|Any CPU
		{DDFE1330-5CD8-44B5-8229-3DEC6CC159D1}.Release|Any CPU.ActiveCfg = Release|Any CPU
		{DDFE1330-5CD8-44B5-8229-3DEC6CC159D1}.Release|Any CPU.Build.0 = Release|Any CPU
		{5BDFF551-E53E-4961-86AD-AA8C585D00A1}.Debug|Any CPU.ActiveCfg = Debug|Any CPU
		{5BDFF551-E53E-4961-86AD-AA8C585D00A1}.Debug|Any CPU.Build.0 = Debug|Any CPU
		{5BDFF551-E53E-4961-86AD-AA8C585D00A1}.Release|Any CPU.ActiveCfg = Release|Any CPU
		{5BDFF551-E53E-4961-86AD-AA8C585D00A1}.Release|Any CPU.Build.0 = Release|Any CPU
		{480F5040-6F2A-4029-A247-4E770EA5012E}.Debug|Any CPU.ActiveCfg = Debug|Any CPU
		{480F5040-6F2A-4029-A247-4E770EA5012E}.Debug|Any CPU.Build.0 = Debug|Any CPU
		{480F5040-6F2A-4029-A247-4E770EA5012E}.Release|Any CPU.ActiveCfg = Release|Any CPU
		{480F5040-6F2A-4029-A247-4E770EA5012E}.Release|Any CPU.Build.0 = Release|Any CPU
		{FCB20896-CA02-44E7-8931-9E757509124E}.Debug|Any CPU.ActiveCfg = Debug|Any CPU
		{FCB20896-CA02-44E7-8931-9E757509124E}.Debug|Any CPU.Build.0 = Debug|Any CPU
		{FCB20896-CA02-44E7-8931-9E757509124E}.Release|Any CPU.ActiveCfg = Release|Any CPU
		{FCB20896-CA02-44E7-8931-9E757509124E}.Release|Any CPU.Build.0 = Release|Any CPU
		{3F825FB8-E0F8-4ED2-A901-7E208F32A4F7}.Debug|Any CPU.ActiveCfg = Debug|Any CPU
		{3F825FB8-E0F8-4ED2-A901-7E208F32A4F7}.Debug|Any CPU.Build.0 = Debug|Any CPU
		{3F825FB8-E0F8-4ED2-A901-7E208F32A4F7}.Release|Any CPU.ActiveCfg = Release|Any CPU
		{3F825FB8-E0F8-4ED2-A901-7E208F32A4F7}.Release|Any CPU.Build.0 = Release|Any CPU
		{A5635F5E-E5C5-4B88-9912-804476C48831}.Debug|Any CPU.ActiveCfg = Debug|Any CPU
		{A5635F5E-E5C5-4B88-9912-804476C48831}.Debug|Any CPU.Build.0 = Debug|Any CPU
		{A5635F5E-E5C5-4B88-9912-804476C48831}.Release|Any CPU.ActiveCfg = Release|Any CPU
		{A5635F5E-E5C5-4B88-9912-804476C48831}.Release|Any CPU.Build.0 = Release|Any CPU
	EndGlobalSection
	GlobalSection(SolutionProperties) = preSolution
		HideSolutionNode = FALSE
	EndGlobalSection
	GlobalSection(NestedProjects) = preSolution
		{4E7CDF2E-E27B-4B66-BF2F-5FEEF82E4B21} = {AC6DAAA8-EA23-45EE-BE7D-FB2D71AD8AC1}
		{B7AC714D-007B-4B9A-977F-2FF5105343DF} = {AC6DAAA8-EA23-45EE-BE7D-FB2D71AD8AC1}
		{80C8A72D-E34A-4256-8CED-FEB0BF26DE0B} = {AC6DAAA8-EA23-45EE-BE7D-FB2D71AD8AC1}
		{0985353F-01F5-4A74-8234-6E72F0826A89} = {AC6DAAA8-EA23-45EE-BE7D-FB2D71AD8AC1}
		{B674F543-377D-48AF-8C72-9FFED9F064F0} = {A4A443F7-A60B-4A14-A62C-65B72BD53E2A}
		{3850FFC4-A77C-41C9-91F7-9A7A2AF28E80} = {A4A443F7-A60B-4A14-A62C-65B72BD53E2A}
		{3240DBD5-9AE7-40AA-894C-3DB6C71206AB} = {A4A443F7-A60B-4A14-A62C-65B72BD53E2A}
		{0E1EB1DE-8302-4C5F-9A67-612F85E89AD3} = {A4A443F7-A60B-4A14-A62C-65B72BD53E2A}
		{EE260597-BFD7-4379-B2BC-1CCF74310A18} = {63D09F56-0824-456D-BCE7-0B7D2CFCD835}
		{63D09F56-0824-456D-BCE7-0B7D2CFCD835} = {A4A443F7-A60B-4A14-A62C-65B72BD53E2A}
		{B9282C29-332E-45BB-A4DD-D131405C9585} = {63D09F56-0824-456D-BCE7-0B7D2CFCD835}
		{AA6D526B-B0B7-48AC-8C16-BC3A5387494D} = {236C575D-E7E8-40CC-89EE-3AF909DD14D1}
		{D51B6608-7E6E-45DA-B807-A5A495189F03} = {236C575D-E7E8-40CC-89EE-3AF909DD14D1}
		{DDFE1330-5CD8-44B5-8229-3DEC6CC159D1} = {236C575D-E7E8-40CC-89EE-3AF909DD14D1}
		{5BDFF551-E53E-4961-86AD-AA8C585D00A1} = {236C575D-E7E8-40CC-89EE-3AF909DD14D1}
		{480F5040-6F2A-4029-A247-4E770EA5012E} = {6386C570-BFAD-4A45-B8EF-6DFB19FDDA2D}
		{FCB20896-CA02-44E7-8931-9E757509124E} = {6386C570-BFAD-4A45-B8EF-6DFB19FDDA2D}
		{3F825FB8-E0F8-4ED2-A901-7E208F32A4F7} = {6386C570-BFAD-4A45-B8EF-6DFB19FDDA2D}
		{A5635F5E-E5C5-4B88-9912-804476C48831} = {6386C570-BFAD-4A45-B8EF-6DFB19FDDA2D}
	EndGlobalSection
	GlobalSection(ExtensibilityGlobals) = postSolution
		SolutionGuid = {F985FF2C-F846-4148-8E02-FEE05D4F2083}
	EndGlobalSection
EndGlobal
